
Microsoft Visual Studio Solution File, Format Version 12.00
# Visual Studio 15
Project("{FAE04EC0-301F-11D3-BF4B-00C04F79EFBC}") = "Assembly-CSharp-firstpass", "Assembly-CSharp-firstpass.csproj", "{1406C980-30D0-0A79-1640-579C5F3878D1}"
EndProject
Project("{FAE04EC0-301F-11D3-BF4B-00C04F79EFBC}") = "Assembly-CSharp", "Assembly-CSharp.csproj", "{3663BCD4-838E-A3DB-357F-0DC6EC02438F}"
EndProject
Project("{FAE04EC0-301F-11D3-BF4B-00C04F79EFBC}") = "Assembly-CSharp-Editor-firstpass", "Assembly-CSharp-Editor-firstpass.csproj", "{19CE2534-DBFC-1577-94A4-AD467F7BE2BE}"
EndProject
Global
	GlobalSection(SolutionConfigurationPlatforms) = preSolution
		Debug|Any CPU = Debug|Any CPU
		Release|Any CPU = Release|Any CPU
	EndGlobalSection
	GlobalSection(ProjectConfigurationPlatforms) = postSolution
		{1406C980-30D0-0A79-1640-579C5F3878D1}.Debug|Any CPU.ActiveCfg = Debug|Any CPU
		{1406C980-30D0-0A79-1640-579C5F3878D1}.Debug|Any CPU.Build.0 = Debug|Any CPU
		{1406C980-30D0-0A79-1640-579C5F3878D1}.Release|Any CPU.ActiveCfg = Release|Any CPU
		{1406C980-30D0-0A79-1640-579C5F3878D1}.Release|Any CPU.Build.0 = Release|Any CPU
		{3663BCD4-838E-A3DB-357F-0DC6EC02438F}.Debug|Any CPU.ActiveCfg = Debug|Any CPU
		{3663BCD4-838E-A3DB-357F-0DC6EC02438F}.Debug|Any CPU.Build.0 = Debug|Any CPU
		{3663BCD4-838E-A3DB-357F-0DC6EC02438F}.Release|Any CPU.ActiveCfg = Release|Any CPU
		{3663BCD4-838E-A3DB-357F-0DC6EC02438F}.Release|Any CPU.Build.0 = Release|Any CPU
		{19CE2534-DBFC-1577-94A4-AD467F7BE2BE}.Debug|Any CPU.ActiveCfg = Debug|Any CPU
		{19CE2534-DBFC-1577-94A4-AD467F7BE2BE}.Debug|Any CPU.Build.0 = Debug|Any CPU
		{19CE2534-DBFC-1577-94A4-AD467F7BE2BE}.Release|Any CPU.ActiveCfg = Release|Any CPU
		{19CE2534-DBFC-1577-94A4-AD467F7BE2BE}.Release|Any CPU.Build.0 = Release|Any CPU
	EndGlobalSection
	GlobalSection(SolutionProperties) = preSolution
		HideSolutionNode = FALSE
	EndGlobalSection
EndGlobal
