
Microsoft Visual Studio Solution File, Format Version 12.00
# Visual Studio 15
VisualStudioVersion = 15.0.28307.1800
MinimumVisualStudioVersion = 10.0.40219.1
Project("{FAE04EC0-301F-11D3-BF4B-00C04F79EFBC}") = "Microsoft.MixedReality.Toolkit.SDK", "Microsoft.MixedReality.Toolkit.SDK.csproj", "{51BE35D4-D6B1-4E6A-3828-203A447EBF28}"
EndProject
Project("{FAE04EC0-301F-11D3-BF4B-00C04F79EFBC}") = "Microsoft.MixedReality.Toolkit.Providers.OpenVR", "Microsoft.MixedReality.Toolkit.Providers.OpenVR.csproj", "{7DE278C0-1A5C-A9B4-B67A-BFCF7AE26AA5}"
EndProject
Project("{FAE04EC0-301F-11D3-BF4B-00C04F79EFBC}") = "Microsoft.MixedReality.Toolkit.Examples", "Microsoft.MixedReality.Toolkit.Examples.csproj", "{F9D11B98-0E24-67C0-CEC0-A2491A1FB00B}"
EndProject
Project("{FAE04EC0-301F-11D3-BF4B-00C04F79EFBC}") = "Microsoft.MixedReality.Toolkit", "Microsoft.MixedReality.Toolkit.csproj", "{5D526A47-5951-DA29-8DFD-AC2B066C889E}"
EndProject
Project("{FAE04EC0-301F-11D3-BF4B-00C04F79EFBC}") = "Microsoft.MixedReality.Toolkit.Services.SpatialAwarenessSystem", "Microsoft.MixedReality.Toolkit.Services.SpatialAwarenessSystem.csproj", "{D310B941-1A18-2556-C80F-00A0B0D50E35}"
EndProject
Project("{FAE04EC0-301F-11D3-BF4B-00C04F79EFBC}") = "Microsoft.MixedReality.Toolkit.Extensions.SceneTransitionService", "Microsoft.MixedReality.Toolkit.Extensions.SceneTransitionService.csproj", "{FAE2F8BE-A3C6-3AC2-5CEC-D88185D7A5E3}"
EndProject
Project("{FAE04EC0-301F-11D3-BF4B-00C04F79EFBC}") = "Microsoft.MixedReality.Toolkit.Gltf", "Microsoft.MixedReality.Toolkit.Gltf.csproj", "{5D0738D0-6B28-A7FF-E21B-2CD91EDE216B}"
EndProject
Project("{FAE04EC0-301F-11D3-BF4B-00C04F79EFBC}") = "Microsoft.MixedReality.Toolkit.Services.SceneSystem", "Microsoft.MixedReality.Toolkit.Services.SceneSystem.csproj", "{B14FD6C9-629B-D405-3099-BECD0D225C63}"
EndProject
Project("{FAE04EC0-301F-11D3-BF4B-00C04F79EFBC}") = "Microsoft.MixedReality.Toolkit.Services.InputSystem", "Microsoft.MixedReality.Toolkit.Services.InputSystem.csproj", "{27A81F6A-52D5-4518-36F4-DCFC2E0B3A1D}"
EndProject
Project("{FAE04EC0-301F-11D3-BF4B-00C04F79EFBC}") = "Microsoft.MixedReality.Toolkit.Providers.LeapMotion", "Microsoft.MixedReality.Toolkit.Providers.LeapMotion.csproj", "{5ECEB5C6-CEB5-0996-0648-23B9E9667BB5}"
EndProject
Project("{FAE04EC0-301F-11D3-BF4B-00C04F79EFBC}") = "Microsoft.MixedReality.Toolkit.Providers.XRSDK.WindowsMixedReality", "Microsoft.MixedReality.Toolkit.Providers.XRSDK.WindowsMixedReality.csproj", "{E8DA3B4B-9443-30E9-1E23-F7C8EBE3895D}"
EndProject
Project("{FAE04EC0-301F-11D3-BF4B-00C04F79EFBC}") = "Microsoft.MixedReality.Toolkit.Services.InputSimulation", "Microsoft.MixedReality.Toolkit.Services.InputSimulation.csproj", "{FEDC0E24-77A5-BBB6-9D05-28E2609FD314}"
EndProject
Project("{FAE04EC0-301F-11D3-BF4B-00C04F79EFBC}") = "Assembly-CSharp", "Assembly-CSharp.csproj", "{2A379E65-2641-C25A-D6EF-962588BEA505}"
EndProject
Project("{FAE04EC0-301F-11D3-BF4B-00C04F79EFBC}") = "Microsoft.MixedReality.Toolkit.Providers.UnityAR", "Microsoft.MixedReality.Toolkit.Providers.UnityAR.csproj", "{1AC92E8D-7A64-FDA1-5C84-8A49BC3FE911}"
EndProject
Project("{FAE04EC0-301F-11D3-BF4B-00C04F79EFBC}") = "Microsoft.MixedReality.Toolkit.Services.InputAnimation", "Microsoft.MixedReality.Toolkit.Services.InputAnimation.csproj", "{F5C9CF3A-060F-BD26-E3CB-66D408A43010}"
EndProject
Project("{FAE04EC0-301F-11D3-BF4B-00C04F79EFBC}") = "Microsoft.MixedReality.Toolkit.Providers.WindowsVoiceInput", "Microsoft.MixedReality.Toolkit.Providers.WindowsVoiceInput.csproj", "{04BFA2FA-44B5-8626-3829-12D0300A3E2A}"
EndProject
Project("{FAE04EC0-301F-11D3-BF4B-00C04F79EFBC}") = "Microsoft.MixedReality.Toolkit.Extensions.Tracking", "Microsoft.MixedReality.Toolkit.Extensions.Tracking.csproj", "{C10FC276-016D-D8F3-7E84-E0BA9AFC6219}"
EndProject
Project("{FAE04EC0-301F-11D3-BF4B-00C04F79EFBC}") = "Microsoft.MixedReality.Toolkit.Services.DiagnosticsSystem", "Microsoft.MixedReality.Toolkit.Services.DiagnosticsSystem.csproj", "{B5EF9E15-3038-46F6-0051-0931E0E885E8}"
EndProject
Project("{FAE04EC0-301F-11D3-BF4B-00C04F79EFBC}") = "Microsoft.MixedReality.Toolkit.Demos.InspectorFields", "Microsoft.MixedReality.Toolkit.Demos.InspectorFields.csproj", "{76B3D707-784B-6123-6B53-7AD3E92790CB}"
EndProject
Project("{FAE04EC0-301F-11D3-BF4B-00C04F79EFBC}") = "Microsoft.MixedReality.Toolkit.Extensions.HandPhysics", "Microsoft.MixedReality.Toolkit.Extensions.HandPhysics.csproj", "{76119C53-D94D-252A-1A1A-526D078AA3CA}"
EndProject
Project("{FAE04EC0-301F-11D3-BF4B-00C04F79EFBC}") = "Microsoft.MixedReality.Toolkit.Async", "Microsoft.MixedReality.Toolkit.Async.csproj", "{F541A2C4-0EBB-2853-7E8C-900C31AEFC22}"
EndProject
Project("{FAE04EC0-301F-11D3-BF4B-00C04F79EFBC}") = "Microsoft.MixedReality.Toolkit.Providers.WindowsMixedReality", "Microsoft.MixedReality.Toolkit.Providers.WindowsMixedReality.csproj", "{268417CF-3D64-4D5D-F1BA-297A25E3D08F}"
EndProject
Project("{FAE04EC0-301F-11D3-BF4B-00C04F79EFBC}") = "Microsoft.MixedReality.Toolkit.Demos.Gltf", "Microsoft.MixedReality.Toolkit.Demos.Gltf.csproj", "{50F6950A-2CB7-3917-2BB5-13B5DFC0E664}"
EndProject
Project("{FAE04EC0-301F-11D3-BF4B-00C04F79EFBC}") = "Microsoft.MixedReality.Toolkit.Demos.UX.Interactables", "Microsoft.MixedReality.Toolkit.Demos.UX.Interactables.csproj", "{C5C128C2-AA03-EE67-508C-FB4B43384DD7}"
EndProject
Project("{FAE04EC0-301F-11D3-BF4B-00C04F79EFBC}") = "Microsoft.MixedReality.Toolkit.Providers.WindowsMixedReality.Shared", "Microsoft.MixedReality.Toolkit.Providers.WindowsMixedReality.Shared.csproj", "{D86D1E0F-FAFB-9F6E-7BAF-B8BD1EE54A51}"
EndProject
Project("{FAE04EC0-301F-11D3-BF4B-00C04F79EFBC}") = "Microsoft.MixedReality.Toolkit.Services.TeleportSystem", "Microsoft.MixedReality.Toolkit.Services.TeleportSystem.csproj", "{6210B115-9A64-C802-6577-BC201150345E}"
EndProject
Project("{FAE04EC0-301F-11D3-BF4B-00C04F79EFBC}") = "Microsoft.MixedReality.Toolkit.Tools.Runtime", "Microsoft.MixedReality.Toolkit.Tools.Runtime.csproj", "{E9F8388B-106B-D36C-A662-561DA60E18B1}"
EndProject
Project("{FAE04EC0-301F-11D3-BF4B-00C04F79EFBC}") = "Microsoft.MixedReality.Toolkit.Providers.XRSDK", "Microsoft.MixedReality.Toolkit.Providers.XRSDK.csproj", "{3BB6F307-6F01-B8CE-25AF-D4EC75BADCD7}"
EndProject
Project("{FAE04EC0-301F-11D3-BF4B-00C04F79EFBC}") = "Microsoft.MixedReality.Toolkit.Services.CameraSystem", "Microsoft.MixedReality.Toolkit.Services.CameraSystem.csproj", "{DCFA7A22-E2F5-FCDA-E30F-9868E426EA8B}"
EndProject
Project("{FAE04EC0-301F-11D3-BF4B-00C04F79EFBC}") = "Microsoft.MixedReality.Toolkit.Services.BoundarySystem", "Microsoft.MixedReality.Toolkit.Services.BoundarySystem.csproj", "{9CD76836-E745-BC63-6EE1-4D43BCB9C317}"
EndProject
Project("{FAE04EC0-301F-11D3-BF4B-00C04F79EFBC}") = "Microsoft.MixedReality.Toolkit.SDK.Inspectors", "Microsoft.MixedReality.Toolkit.SDK.Inspectors.csproj", "{1B6B82A4-444D-0BBF-07D0-A556F82EBAB1}"
EndProject
Project("{FAE04EC0-301F-11D3-BF4B-00C04F79EFBC}") = "Microsoft.MixedReality.Toolkit.Editor.Inspectors", "Microsoft.MixedReality.Toolkit.Editor.Inspectors.csproj", "{6D0CB9F0-7F9D-C2BD-B3F5-42169CA6AB62}"
EndProject
Project("{FAE04EC0-301F-11D3-BF4B-00C04F79EFBC}") = "Microsoft.MixedReality.Toolkit.Editor.ServiceInspectors", "Microsoft.MixedReality.Toolkit.Editor.ServiceInspectors.csproj", "{AC5014E0-A605-6429-7F45-E73055BF8BA3}"
EndProject
Project("{FAE04EC0-301F-11D3-BF4B-00C04F79EFBC}") = "Microsoft.MixedReality.Toolkit.SDK.Experimental.Inspectors", "Microsoft.MixedReality.Toolkit.SDK.Experimental.Inspectors.csproj", "{FCBE4ABC-54F8-E847-66B6-AD16970341BA}"
EndProject
Project("{FAE04EC0-301F-11D3-BF4B-00C04F79EFBC}") = "Microsoft.MixedReality.Toolkit.Providers.XRSDK.WindowsMixedReality.Editor", "Microsoft.MixedReality.Toolkit.Providers.XRSDK.WindowsMixedReality.Editor.csproj", "{A0BD1E2C-249E-BA7B-E146-8CC725BACE1A}"
EndProject
Project("{FAE04EC0-301F-11D3-BF4B-00C04F79EFBC}") = "Microsoft.MixedReality.Toolkit.Demos.InspectorFields.Inspectors", "Microsoft.MixedReality.Toolkit.Demos.InspectorFields.Inspectors.csproj", "{48F79DA3-3FB6-7F3D-DBA5-1BA221DD56AF}"
EndProject
Project("{FAE04EC0-301F-11D3-BF4B-00C04F79EFBC}") = "Microsoft.MixedReality.Toolkit.Editor.Utilities", "Microsoft.MixedReality.Toolkit.Editor.Utilities.csproj", "{D373D5AD-02D8-DB06-5F48-A70FDE4B1CEC}"
EndProject
Project("{FAE04EC0-301F-11D3-BF4B-00C04F79EFBC}") = "Microsoft.MixedReality.Toolkit.Tools", "Microsoft.MixedReality.Toolkit.Tools.csproj", "{8E9CF969-FCA0-010E-92CD-2B4AFDC5CC74}"
EndProject
Project("{FAE04EC0-301F-11D3-BF4B-00C04F79EFBC}") = "Microsoft.MixedReality.Toolkit.Demos.StandardShader.Inspectors", "Microsoft.MixedReality.Toolkit.Demos.StandardShader.Inspectors.csproj", "{DA56938E-FB8A-00D4-B456-4FA0F98A183B}"
EndProject
Project("{FAE04EC0-301F-11D3-BF4B-00C04F79EFBC}") = "Microsoft.MixedReality.Toolkit.Providers.ObjectMeshObserver", "Microsoft.MixedReality.Toolkit.Providers.ObjectMeshObserver.csproj", "{7553C2DD-C90B-AE5E-F770-10056E1ED8E4}"
EndProject
Project("{FAE04EC0-301F-11D3-BF4B-00C04F79EFBC}") = "Microsoft.MixedReality.Toolkit.Editor.ClassExtensions", "Microsoft.MixedReality.Toolkit.Editor.ClassExtensions.csproj", "{6BFA074E-8B9A-7DDB-4502-E049237C6889}"
EndProject
Project("{FAE04EC0-301F-11D3-BF4B-00C04F79EFBC}") = "Microsoft.MixedReality.Toolkit.Gltf.Importers", "Microsoft.MixedReality.Toolkit.Gltf.Importers.csproj", "{ED021833-1494-D513-1264-D01FAD0BDC83}"
EndProject
Project("{FAE04EC0-301F-11D3-BF4B-00C04F79EFBC}") = "Microsoft.MixedReality.Toolkit.Providers.WindowsMixedReality.ConfigCheck", "Microsoft.MixedReality.Toolkit.Providers.WindowsMixedReality.ConfigCheck.csproj", "{F02FAE6A-BEEE-2C0B-AE6B-D026D688B30D}"
EndProject
Project("{FAE04EC0-301F-11D3-BF4B-00C04F79EFBC}") = "Microsoft.MixedReality.Toolkit.Providers.LeapMotion.Editor", "Microsoft.MixedReality.Toolkit.Providers.LeapMotion.Editor.csproj", "{70419193-3C75-CDEB-AAA4-604B6644F947}"
EndProject
Project("{FAE04EC0-301F-11D3-BF4B-00C04F79EFBC}") = "Microsoft.MixedReality.Toolkit.Services.InputSimulation.Editor", "Microsoft.MixedReality.Toolkit.Services.InputSimulation.Editor.csproj", "{58E10F2E-504E-1773-29AB-99156EBB47FD}"
EndProject
Project("{FAE04EC0-301F-11D3-BF4B-00C04F79EFBC}") = "Microsoft.MixedReality.Toolkit.MSBuild", "Microsoft.MixedReality.Toolkit.MSBuild.csproj", "{C7598E19-B35C-0493-8A10-8FD79C9C06AE}"
EndProject
Project("{FAE04EC0-301F-11D3-BF4B-00C04F79EFBC}") = "Microsoft.MixedReality.Toolkit.Editor.BuildAndDeploy", "Microsoft.MixedReality.Toolkit.Editor.BuildAndDeploy.csproj", "{7F266F75-7C27-F43C-AD30-6FFF3639D110}"
EndProject
Project("{FAE04EC0-301F-11D3-BF4B-00C04F79EFBC}") = "Microsoft.MixedReality.Toolkit.Demos.Gltf.Inspectors", "Microsoft.MixedReality.Toolkit.Demos.Gltf.Inspectors.csproj", "{405FE322-DA7C-540B-2DEA-36B20A05CCD0}"
EndProject
Project("{FAE04EC0-301F-11D3-BF4B-00C04F79EFBC}") = "Microsoft.MixedReality.Toolkit.Examples.Editor.Inspectors", "Microsoft.MixedReality.Toolkit.Examples.Editor.Inspectors.csproj", "{ABB9DF8D-0E02-F28B-A2E2-3FC38C3B19B6}"
EndProject
Project("{FAE04EC0-301F-11D3-BF4B-00C04F79EFBC}") = "Microsoft.MixedReality.Toolkit.Providers.LeapMotion.ConfigurationChecker", "Microsoft.MixedReality.Toolkit.Providers.LeapMotion.ConfigurationChecker.csproj", "{811BA2C6-9D97-4042-B0B0-CD316B09FAE1}"
EndProject
Project("{FAE04EC0-301F-11D3-BF4B-00C04F79EFBC}") = "Microsoft.MixedReality.Toolkit.Providers.UnityAR.ConfigCheck", "Microsoft.MixedReality.Toolkit.Providers.UnityAR.ConfigCheck.csproj", "{167F0D96-45AC-3086-6FD3-5F4DDC5569E7}"
EndProject
Project("{FAE04EC0-301F-11D3-BF4B-00C04F79EFBC}") = "Microsoft.MixedReality.Toolkit.Providers.XRSDK.ConfigCheck", "Microsoft.MixedReality.Toolkit.Providers.XRSDK.ConfigCheck.csproj", "{93C895E5-58CE-0050-A98E-5636C813408A}"
EndProject
Project("{FAE04EC0-301F-11D3-BF4B-00C04F79EFBC}") = "Microsoft.MixedReality.Toolkit.Providers.UnityAR.Editor", "Microsoft.MixedReality.Toolkit.Providers.UnityAR.Editor.csproj", "{82D05F6A-F707-AA2E-5DD7-8BE127E5CA83}"
EndProject
Project("{FAE04EC0-301F-11D3-BF4B-00C04F79EFBC}") = "Microsoft.MixedReality.Toolkit.Extensions.Tracking.Editor", "Microsoft.MixedReality.Toolkit.Extensions.Tracking.Editor.csproj", "{57D822A6-4DA9-8C2F-8D27-AD1A46E76ACA}"
EndProject
Project("{FAE04EC0-301F-11D3-BF4B-00C04F79EFBC}") = "Microsoft.MixedReality.Toolkit.Providers.WindowsMixedReality.Editor", "Microsoft.MixedReality.Toolkit.Providers.WindowsMixedReality.Editor.csproj", "{8084A469-0A91-2E6B-E7E7-BDDF88E9987E}"
EndProject
Project("{FAE04EC0-301F-11D3-BF4B-00C04F79EFBC}") = "Microsoft.MixedReality.Toolkit.Services.InputSystem.Editor", "Microsoft.MixedReality.Toolkit.Services.InputSystem.Editor.csproj", "{FB2186C8-5D03-2308-A5DE-00C24D7E11B6}"
EndProject
Global
	GlobalSection(SolutionConfigurationPlatforms) = preSolution
		Debug|Any CPU = Debug|Any CPU
		Release|Any CPU = Release|Any CPU
	EndGlobalSection
	GlobalSection(ProjectConfigurationPlatforms) = postSolution
		{51BE35D4-D6B1-4E6A-3828-203A447EBF28}.Debug|Any CPU.ActiveCfg = Debug|Any CPU
		{51BE35D4-D6B1-4E6A-3828-203A447EBF28}.Debug|Any CPU.Build.0 = Debug|Any CPU
		{51BE35D4-D6B1-4E6A-3828-203A447EBF28}.Release|Any CPU.ActiveCfg = Release|Any CPU
		{51BE35D4-D6B1-4E6A-3828-203A447EBF28}.Release|Any CPU.Build.0 = Release|Any CPU
		{7DE278C0-1A5C-A9B4-B67A-BFCF7AE26AA5}.Debug|Any CPU.ActiveCfg = Debug|Any CPU
		{7DE278C0-1A5C-A9B4-B67A-BFCF7AE26AA5}.Debug|Any CPU.Build.0 = Debug|Any CPU
		{7DE278C0-1A5C-A9B4-B67A-BFCF7AE26AA5}.Release|Any CPU.ActiveCfg = Release|Any CPU
		{7DE278C0-1A5C-A9B4-B67A-BFCF7AE26AA5}.Release|Any CPU.Build.0 = Release|Any CPU
		{F9D11B98-0E24-67C0-CEC0-A2491A1FB00B}.Debug|Any CPU.ActiveCfg = Debug|Any CPU
		{F9D11B98-0E24-67C0-CEC0-A2491A1FB00B}.Debug|Any CPU.Build.0 = Debug|Any CPU
		{F9D11B98-0E24-67C0-CEC0-A2491A1FB00B}.Release|Any CPU.ActiveCfg = Release|Any CPU
		{F9D11B98-0E24-67C0-CEC0-A2491A1FB00B}.Release|Any CPU.Build.0 = Release|Any CPU
		{5D526A47-5951-DA29-8DFD-AC2B066C889E}.Debug|Any CPU.ActiveCfg = Debug|Any CPU
		{5D526A47-5951-DA29-8DFD-AC2B066C889E}.Debug|Any CPU.Build.0 = Debug|Any CPU
		{5D526A47-5951-DA29-8DFD-AC2B066C889E}.Release|Any CPU.ActiveCfg = Release|Any CPU
		{5D526A47-5951-DA29-8DFD-AC2B066C889E}.Release|Any CPU.Build.0 = Release|Any CPU
		{D310B941-1A18-2556-C80F-00A0B0D50E35}.Debug|Any CPU.ActiveCfg = Debug|Any CPU
		{D310B941-1A18-2556-C80F-00A0B0D50E35}.Debug|Any CPU.Build.0 = Debug|Any CPU
		{D310B941-1A18-2556-C80F-00A0B0D50E35}.Release|Any CPU.ActiveCfg = Release|Any CPU
		{D310B941-1A18-2556-C80F-00A0B0D50E35}.Release|Any CPU.Build.0 = Release|Any CPU
		{FAE2F8BE-A3C6-3AC2-5CEC-D88185D7A5E3}.Debug|Any CPU.ActiveCfg = Debug|Any CPU
		{FAE2F8BE-A3C6-3AC2-5CEC-D88185D7A5E3}.Debug|Any CPU.Build.0 = Debug|Any CPU
		{FAE2F8BE-A3C6-3AC2-5CEC-D88185D7A5E3}.Release|Any CPU.ActiveCfg = Release|Any CPU
		{FAE2F8BE-A3C6-3AC2-5CEC-D88185D7A5E3}.Release|Any CPU.Build.0 = Release|Any CPU
		{5D0738D0-6B28-A7FF-E21B-2CD91EDE216B}.Debug|Any CPU.ActiveCfg = Debug|Any CPU
		{5D0738D0-6B28-A7FF-E21B-2CD91EDE216B}.Debug|Any CPU.Build.0 = Debug|Any CPU
		{5D0738D0-6B28-A7FF-E21B-2CD91EDE216B}.Release|Any CPU.ActiveCfg = Release|Any CPU
		{5D0738D0-6B28-A7FF-E21B-2CD91EDE216B}.Release|Any CPU.Build.0 = Release|Any CPU
		{B14FD6C9-629B-D405-3099-BECD0D225C63}.Debug|Any CPU.ActiveCfg = Debug|Any CPU
		{B14FD6C9-629B-D405-3099-BECD0D225C63}.Debug|Any CPU.Build.0 = Debug|Any CPU
		{B14FD6C9-629B-D405-3099-BECD0D225C63}.Release|Any CPU.ActiveCfg = Release|Any CPU
		{B14FD6C9-629B-D405-3099-BECD0D225C63}.Release|Any CPU.Build.0 = Release|Any CPU
		{27A81F6A-52D5-4518-36F4-DCFC2E0B3A1D}.Debug|Any CPU.ActiveCfg = Debug|Any CPU
		{27A81F6A-52D5-4518-36F4-DCFC2E0B3A1D}.Debug|Any CPU.Build.0 = Debug|Any CPU
		{27A81F6A-52D5-4518-36F4-DCFC2E0B3A1D}.Release|Any CPU.ActiveCfg = Release|Any CPU
		{27A81F6A-52D5-4518-36F4-DCFC2E0B3A1D}.Release|Any CPU.Build.0 = Release|Any CPU
		{5ECEB5C6-CEB5-0996-0648-23B9E9667BB5}.Debug|Any CPU.ActiveCfg = Debug|Any CPU
		{5ECEB5C6-CEB5-0996-0648-23B9E9667BB5}.Debug|Any CPU.Build.0 = Debug|Any CPU
		{5ECEB5C6-CEB5-0996-0648-23B9E9667BB5}.Release|Any CPU.ActiveCfg = Release|Any CPU
		{5ECEB5C6-CEB5-0996-0648-23B9E9667BB5}.Release|Any CPU.Build.0 = Release|Any CPU
		{E8DA3B4B-9443-30E9-1E23-F7C8EBE3895D}.Debug|Any CPU.ActiveCfg = Debug|Any CPU
		{E8DA3B4B-9443-30E9-1E23-F7C8EBE3895D}.Debug|Any CPU.Build.0 = Debug|Any CPU
		{E8DA3B4B-9443-30E9-1E23-F7C8EBE3895D}.Release|Any CPU.ActiveCfg = Release|Any CPU
		{E8DA3B4B-9443-30E9-1E23-F7C8EBE3895D}.Release|Any CPU.Build.0 = Release|Any CPU
		{FEDC0E24-77A5-BBB6-9D05-28E2609FD314}.Debug|Any CPU.ActiveCfg = Debug|Any CPU
		{FEDC0E24-77A5-BBB6-9D05-28E2609FD314}.Debug|Any CPU.Build.0 = Debug|Any CPU
		{FEDC0E24-77A5-BBB6-9D05-28E2609FD314}.Release|Any CPU.ActiveCfg = Release|Any CPU
		{FEDC0E24-77A5-BBB6-9D05-28E2609FD314}.Release|Any CPU.Build.0 = Release|Any CPU
		{2A379E65-2641-C25A-D6EF-962588BEA505}.Debug|Any CPU.ActiveCfg = Debug|Any CPU
		{2A379E65-2641-C25A-D6EF-962588BEA505}.Debug|Any CPU.Build.0 = Debug|Any CPU
		{2A379E65-2641-C25A-D6EF-962588BEA505}.Release|Any CPU.ActiveCfg = Release|Any CPU
		{2A379E65-2641-C25A-D6EF-962588BEA505}.Release|Any CPU.Build.0 = Release|Any CPU
		{1AC92E8D-7A64-FDA1-5C84-8A49BC3FE911}.Debug|Any CPU.ActiveCfg = Debug|Any CPU
		{1AC92E8D-7A64-FDA1-5C84-8A49BC3FE911}.Debug|Any CPU.Build.0 = Debug|Any CPU
		{1AC92E8D-7A64-FDA1-5C84-8A49BC3FE911}.Release|Any CPU.ActiveCfg = Release|Any CPU
		{1AC92E8D-7A64-FDA1-5C84-8A49BC3FE911}.Release|Any CPU.Build.0 = Release|Any CPU
		{F5C9CF3A-060F-BD26-E3CB-66D408A43010}.Debug|Any CPU.ActiveCfg = Debug|Any CPU
		{F5C9CF3A-060F-BD26-E3CB-66D408A43010}.Debug|Any CPU.Build.0 = Debug|Any CPU
		{F5C9CF3A-060F-BD26-E3CB-66D408A43010}.Release|Any CPU.ActiveCfg = Release|Any CPU
		{F5C9CF3A-060F-BD26-E3CB-66D408A43010}.Release|Any CPU.Build.0 = Release|Any CPU
		{04BFA2FA-44B5-8626-3829-12D0300A3E2A}.Debug|Any CPU.ActiveCfg = Debug|Any CPU
		{04BFA2FA-44B5-8626-3829-12D0300A3E2A}.Debug|Any CPU.Build.0 = Debug|Any CPU
		{04BFA2FA-44B5-8626-3829-12D0300A3E2A}.Release|Any CPU.ActiveCfg = Release|Any CPU
		{04BFA2FA-44B5-8626-3829-12D0300A3E2A}.Release|Any CPU.Build.0 = Release|Any CPU
		{C10FC276-016D-D8F3-7E84-E0BA9AFC6219}.Debug|Any CPU.ActiveCfg = Debug|Any CPU
		{C10FC276-016D-D8F3-7E84-E0BA9AFC6219}.Debug|Any CPU.Build.0 = Debug|Any CPU
		{C10FC276-016D-D8F3-7E84-E0BA9AFC6219}.Release|Any CPU.ActiveCfg = Release|Any CPU
		{C10FC276-016D-D8F3-7E84-E0BA9AFC6219}.Release|Any CPU.Build.0 = Release|Any CPU
		{B5EF9E15-3038-46F6-0051-0931E0E885E8}.Debug|Any CPU.ActiveCfg = Debug|Any CPU
		{B5EF9E15-3038-46F6-0051-0931E0E885E8}.Debug|Any CPU.Build.0 = Debug|Any CPU
		{B5EF9E15-3038-46F6-0051-0931E0E885E8}.Release|Any CPU.ActiveCfg = Release|Any CPU
		{B5EF9E15-3038-46F6-0051-0931E0E885E8}.Release|Any CPU.Build.0 = Release|Any CPU
		{76B3D707-784B-6123-6B53-7AD3E92790CB}.Debug|Any CPU.ActiveCfg = Debug|Any CPU
		{76B3D707-784B-6123-6B53-7AD3E92790CB}.Debug|Any CPU.Build.0 = Debug|Any CPU
		{76B3D707-784B-6123-6B53-7AD3E92790CB}.Release|Any CPU.ActiveCfg = Release|Any CPU
		{76B3D707-784B-6123-6B53-7AD3E92790CB}.Release|Any CPU.Build.0 = Release|Any CPU
		{76119C53-D94D-252A-1A1A-526D078AA3CA}.Debug|Any CPU.ActiveCfg = Debug|Any CPU
		{76119C53-D94D-252A-1A1A-526D078AA3CA}.Debug|Any CPU.Build.0 = Debug|Any CPU
		{76119C53-D94D-252A-1A1A-526D078AA3CA}.Release|Any CPU.ActiveCfg = Release|Any CPU
		{76119C53-D94D-252A-1A1A-526D078AA3CA}.Release|Any CPU.Build.0 = Release|Any CPU
		{F541A2C4-0EBB-2853-7E8C-900C31AEFC22}.Debug|Any CPU.ActiveCfg = Debug|Any CPU
		{F541A2C4-0EBB-2853-7E8C-900C31AEFC22}.Debug|Any CPU.Build.0 = Debug|Any CPU
		{F541A2C4-0EBB-2853-7E8C-900C31AEFC22}.Release|Any CPU.ActiveCfg = Release|Any CPU
		{F541A2C4-0EBB-2853-7E8C-900C31AEFC22}.Release|Any CPU.Build.0 = Release|Any CPU
		{268417CF-3D64-4D5D-F1BA-297A25E3D08F}.Debug|Any CPU.ActiveCfg = Debug|Any CPU
		{268417CF-3D64-4D5D-F1BA-297A25E3D08F}.Debug|Any CPU.Build.0 = Debug|Any CPU
		{268417CF-3D64-4D5D-F1BA-297A25E3D08F}.Release|Any CPU.ActiveCfg = Release|Any CPU
		{268417CF-3D64-4D5D-F1BA-297A25E3D08F}.Release|Any CPU.Build.0 = Release|Any CPU
		{50F6950A-2CB7-3917-2BB5-13B5DFC0E664}.Debug|Any CPU.ActiveCfg = Debug|Any CPU
		{50F6950A-2CB7-3917-2BB5-13B5DFC0E664}.Debug|Any CPU.Build.0 = Debug|Any CPU
		{50F6950A-2CB7-3917-2BB5-13B5DFC0E664}.Release|Any CPU.ActiveCfg = Release|Any CPU
		{50F6950A-2CB7-3917-2BB5-13B5DFC0E664}.Release|Any CPU.Build.0 = Release|Any CPU
		{C5C128C2-AA03-EE67-508C-FB4B43384DD7}.Debug|Any CPU.ActiveCfg = Debug|Any CPU
		{C5C128C2-AA03-EE67-508C-FB4B43384DD7}.Debug|Any CPU.Build.0 = Debug|Any CPU
		{C5C128C2-AA03-EE67-508C-FB4B43384DD7}.Release|Any CPU.ActiveCfg = Release|Any CPU
		{C5C128C2-AA03-EE67-508C-FB4B43384DD7}.Release|Any CPU.Build.0 = Release|Any CPU
		{D86D1E0F-FAFB-9F6E-7BAF-B8BD1EE54A51}.Debug|Any CPU.ActiveCfg = Debug|Any CPU
		{D86D1E0F-FAFB-9F6E-7BAF-B8BD1EE54A51}.Debug|Any CPU.Build.0 = Debug|Any CPU
		{D86D1E0F-FAFB-9F6E-7BAF-B8BD1EE54A51}.Release|Any CPU.ActiveCfg = Release|Any CPU
		{D86D1E0F-FAFB-9F6E-7BAF-B8BD1EE54A51}.Release|Any CPU.Build.0 = Release|Any CPU
		{6210B115-9A64-C802-6577-BC201150345E}.Debug|Any CPU.ActiveCfg = Debug|Any CPU
		{6210B115-9A64-C802-6577-BC201150345E}.Debug|Any CPU.Build.0 = Debug|Any CPU
		{6210B115-9A64-C802-6577-BC201150345E}.Release|Any CPU.ActiveCfg = Release|Any CPU
		{6210B115-9A64-C802-6577-BC201150345E}.Release|Any CPU.Build.0 = Release|Any CPU
		{E9F8388B-106B-D36C-A662-561DA60E18B1}.Debug|Any CPU.ActiveCfg = Debug|Any CPU
		{E9F8388B-106B-D36C-A662-561DA60E18B1}.Debug|Any CPU.Build.0 = Debug|Any CPU
		{E9F8388B-106B-D36C-A662-561DA60E18B1}.Release|Any CPU.ActiveCfg = Release|Any CPU
		{E9F8388B-106B-D36C-A662-561DA60E18B1}.Release|Any CPU.Build.0 = Release|Any CPU
		{3BB6F307-6F01-B8CE-25AF-D4EC75BADCD7}.Debug|Any CPU.ActiveCfg = Debug|Any CPU
		{3BB6F307-6F01-B8CE-25AF-D4EC75BADCD7}.Debug|Any CPU.Build.0 = Debug|Any CPU
		{3BB6F307-6F01-B8CE-25AF-D4EC75BADCD7}.Release|Any CPU.ActiveCfg = Release|Any CPU
		{3BB6F307-6F01-B8CE-25AF-D4EC75BADCD7}.Release|Any CPU.Build.0 = Release|Any CPU
		{DCFA7A22-E2F5-FCDA-E30F-9868E426EA8B}.Debug|Any CPU.ActiveCfg = Debug|Any CPU
		{DCFA7A22-E2F5-FCDA-E30F-9868E426EA8B}.Debug|Any CPU.Build.0 = Debug|Any CPU
		{DCFA7A22-E2F5-FCDA-E30F-9868E426EA8B}.Release|Any CPU.ActiveCfg = Release|Any CPU
		{DCFA7A22-E2F5-FCDA-E30F-9868E426EA8B}.Release|Any CPU.Build.0 = Release|Any CPU
		{9CD76836-E745-BC63-6EE1-4D43BCB9C317}.Debug|Any CPU.ActiveCfg = Debug|Any CPU
		{9CD76836-E745-BC63-6EE1-4D43BCB9C317}.Debug|Any CPU.Build.0 = Debug|Any CPU
		{9CD76836-E745-BC63-6EE1-4D43BCB9C317}.Release|Any CPU.ActiveCfg = Release|Any CPU
		{9CD76836-E745-BC63-6EE1-4D43BCB9C317}.Release|Any CPU.Build.0 = Release|Any CPU
		{1B6B82A4-444D-0BBF-07D0-A556F82EBAB1}.Debug|Any CPU.ActiveCfg = Debug|Any CPU
		{1B6B82A4-444D-0BBF-07D0-A556F82EBAB1}.Debug|Any CPU.Build.0 = Debug|Any CPU
		{1B6B82A4-444D-0BBF-07D0-A556F82EBAB1}.Release|Any CPU.ActiveCfg = Release|Any CPU
		{1B6B82A4-444D-0BBF-07D0-A556F82EBAB1}.Release|Any CPU.Build.0 = Release|Any CPU
		{6D0CB9F0-7F9D-C2BD-B3F5-42169CA6AB62}.Debug|Any CPU.ActiveCfg = Debug|Any CPU
		{6D0CB9F0-7F9D-C2BD-B3F5-42169CA6AB62}.Debug|Any CPU.Build.0 = Debug|Any CPU
		{6D0CB9F0-7F9D-C2BD-B3F5-42169CA6AB62}.Release|Any CPU.ActiveCfg = Release|Any CPU
		{6D0CB9F0-7F9D-C2BD-B3F5-42169CA6AB62}.Release|Any CPU.Build.0 = Release|Any CPU
		{AC5014E0-A605-6429-7F45-E73055BF8BA3}.Debug|Any CPU.ActiveCfg = Debug|Any CPU
		{AC5014E0-A605-6429-7F45-E73055BF8BA3}.Debug|Any CPU.Build.0 = Debug|Any CPU
		{AC5014E0-A605-6429-7F45-E73055BF8BA3}.Release|Any CPU.ActiveCfg = Release|Any CPU
		{AC5014E0-A605-6429-7F45-E73055BF8BA3}.Release|Any CPU.Build.0 = Release|Any CPU
		{FCBE4ABC-54F8-E847-66B6-AD16970341BA}.Debug|Any CPU.ActiveCfg = Debug|Any CPU
		{FCBE4ABC-54F8-E847-66B6-AD16970341BA}.Debug|Any CPU.Build.0 = Debug|Any CPU
		{FCBE4ABC-54F8-E847-66B6-AD16970341BA}.Release|Any CPU.ActiveCfg = Release|Any CPU
		{FCBE4ABC-54F8-E847-66B6-AD16970341BA}.Release|Any CPU.Build.0 = Release|Any CPU
		{A0BD1E2C-249E-BA7B-E146-8CC725BACE1A}.Debug|Any CPU.ActiveCfg = Debug|Any CPU
		{A0BD1E2C-249E-BA7B-E146-8CC725BACE1A}.Debug|Any CPU.Build.0 = Debug|Any CPU
		{A0BD1E2C-249E-BA7B-E146-8CC725BACE1A}.Release|Any CPU.ActiveCfg = Release|Any CPU
		{A0BD1E2C-249E-BA7B-E146-8CC725BACE1A}.Release|Any CPU.Build.0 = Release|Any CPU
		{48F79DA3-3FB6-7F3D-DBA5-1BA221DD56AF}.Debug|Any CPU.ActiveCfg = Debug|Any CPU
		{48F79DA3-3FB6-7F3D-DBA5-1BA221DD56AF}.Debug|Any CPU.Build.0 = Debug|Any CPU
		{48F79DA3-3FB6-7F3D-DBA5-1BA221DD56AF}.Release|Any CPU.ActiveCfg = Release|Any CPU
		{48F79DA3-3FB6-7F3D-DBA5-1BA221DD56AF}.Release|Any CPU.Build.0 = Release|Any CPU
		{D373D5AD-02D8-DB06-5F48-A70FDE4B1CEC}.Debug|Any CPU.ActiveCfg = Debug|Any CPU
		{D373D5AD-02D8-DB06-5F48-A70FDE4B1CEC}.Debug|Any CPU.Build.0 = Debug|Any CPU
		{D373D5AD-02D8-DB06-5F48-A70FDE4B1CEC}.Release|Any CPU.ActiveCfg = Release|Any CPU
		{D373D5AD-02D8-DB06-5F48-A70FDE4B1CEC}.Release|Any CPU.Build.0 = Release|Any CPU
		{8E9CF969-FCA0-010E-92CD-2B4AFDC5CC74}.Debug|Any CPU.ActiveCfg = Debug|Any CPU
		{8E9CF969-FCA0-010E-92CD-2B4AFDC5CC74}.Debug|Any CPU.Build.0 = Debug|Any CPU
		{8E9CF969-FCA0-010E-92CD-2B4AFDC5CC74}.Release|Any CPU.ActiveCfg = Release|Any CPU
		{8E9CF969-FCA0-010E-92CD-2B4AFDC5CC74}.Release|Any CPU.Build.0 = Release|Any CPU
		{DA56938E-FB8A-00D4-B456-4FA0F98A183B}.Debug|Any CPU.ActiveCfg = Debug|Any CPU
		{DA56938E-FB8A-00D4-B456-4FA0F98A183B}.Debug|Any CPU.Build.0 = Debug|Any CPU
		{DA56938E-FB8A-00D4-B456-4FA0F98A183B}.Release|Any CPU.ActiveCfg = Release|Any CPU
		{DA56938E-FB8A-00D4-B456-4FA0F98A183B}.Release|Any CPU.Build.0 = Release|Any CPU
		{7553C2DD-C90B-AE5E-F770-10056E1ED8E4}.Debug|Any CPU.ActiveCfg = Debug|Any CPU
		{7553C2DD-C90B-AE5E-F770-10056E1ED8E4}.Debug|Any CPU.Build.0 = Debug|Any CPU
		{7553C2DD-C90B-AE5E-F770-10056E1ED8E4}.Release|Any CPU.ActiveCfg = Release|Any CPU
		{7553C2DD-C90B-AE5E-F770-10056E1ED8E4}.Release|Any CPU.Build.0 = Release|Any CPU
		{6BFA074E-8B9A-7DDB-4502-E049237C6889}.Debug|Any CPU.ActiveCfg = Debug|Any CPU
		{6BFA074E-8B9A-7DDB-4502-E049237C6889}.Debug|Any CPU.Build.0 = Debug|Any CPU
		{6BFA074E-8B9A-7DDB-4502-E049237C6889}.Release|Any CPU.ActiveCfg = Release|Any CPU
		{6BFA074E-8B9A-7DDB-4502-E049237C6889}.Release|Any CPU.Build.0 = Release|Any CPU
		{ED021833-1494-D513-1264-D01FAD0BDC83}.Debug|Any CPU.ActiveCfg = Debug|Any CPU
		{ED021833-1494-D513-1264-D01FAD0BDC83}.Debug|Any CPU.Build.0 = Debug|Any CPU
		{ED021833-1494-D513-1264-D01FAD0BDC83}.Release|Any CPU.ActiveCfg = Release|Any CPU
		{ED021833-1494-D513-1264-D01FAD0BDC83}.Release|Any CPU.Build.0 = Release|Any CPU
		{F02FAE6A-BEEE-2C0B-AE6B-D026D688B30D}.Debug|Any CPU.ActiveCfg = Debug|Any CPU
		{F02FAE6A-BEEE-2C0B-AE6B-D026D688B30D}.Debug|Any CPU.Build.0 = Debug|Any CPU
		{F02FAE6A-BEEE-2C0B-AE6B-D026D688B30D}.Release|Any CPU.ActiveCfg = Release|Any CPU
		{F02FAE6A-BEEE-2C0B-AE6B-D026D688B30D}.Release|Any CPU.Build.0 = Release|Any CPU
		{70419193-3C75-CDEB-AAA4-604B6644F947}.Debug|Any CPU.ActiveCfg = Debug|Any CPU
		{70419193-3C75-CDEB-AAA4-604B6644F947}.Debug|Any CPU.Build.0 = Debug|Any CPU
		{70419193-3C75-CDEB-AAA4-604B6644F947}.Release|Any CPU.ActiveCfg = Release|Any CPU
		{70419193-3C75-CDEB-AAA4-604B6644F947}.Release|Any CPU.Build.0 = Release|Any CPU
		{58E10F2E-504E-1773-29AB-99156EBB47FD}.Debug|Any CPU.ActiveCfg = Debug|Any CPU
		{58E10F2E-504E-1773-29AB-99156EBB47FD}.Debug|Any CPU.Build.0 = Debug|Any CPU
		{58E10F2E-504E-1773-29AB-99156EBB47FD}.Release|Any CPU.ActiveCfg = Release|Any CPU
		{58E10F2E-504E-1773-29AB-99156EBB47FD}.Release|Any CPU.Build.0 = Release|Any CPU
		{C7598E19-B35C-0493-8A10-8FD79C9C06AE}.Debug|Any CPU.ActiveCfg = Debug|Any CPU
		{C7598E19-B35C-0493-8A10-8FD79C9C06AE}.Debug|Any CPU.Build.0 = Debug|Any CPU
		{C7598E19-B35C-0493-8A10-8FD79C9C06AE}.Release|Any CPU.ActiveCfg = Release|Any CPU
		{C7598E19-B35C-0493-8A10-8FD79C9C06AE}.Release|Any CPU.Build.0 = Release|Any CPU
		{7F266F75-7C27-F43C-AD30-6FFF3639D110}.Debug|Any CPU.ActiveCfg = Debug|Any CPU
		{7F266F75-7C27-F43C-AD30-6FFF3639D110}.Debug|Any CPU.Build.0 = Debug|Any CPU
		{7F266F75-7C27-F43C-AD30-6FFF3639D110}.Release|Any CPU.ActiveCfg = Release|Any CPU
		{7F266F75-7C27-F43C-AD30-6FFF3639D110}.Release|Any CPU.Build.0 = Release|Any CPU
		{405FE322-DA7C-540B-2DEA-36B20A05CCD0}.Debug|Any CPU.ActiveCfg = Debug|Any CPU
		{405FE322-DA7C-540B-2DEA-36B20A05CCD0}.Debug|Any CPU.Build.0 = Debug|Any CPU
		{405FE322-DA7C-540B-2DEA-36B20A05CCD0}.Release|Any CPU.ActiveCfg = Release|Any CPU
		{405FE322-DA7C-540B-2DEA-36B20A05CCD0}.Release|Any CPU.Build.0 = Release|Any CPU
		{ABB9DF8D-0E02-F28B-A2E2-3FC38C3B19B6}.Debug|Any CPU.ActiveCfg = Debug|Any CPU
		{ABB9DF8D-0E02-F28B-A2E2-3FC38C3B19B6}.Debug|Any CPU.Build.0 = Debug|Any CPU
		{ABB9DF8D-0E02-F28B-A2E2-3FC38C3B19B6}.Release|Any CPU.ActiveCfg = Release|Any CPU
		{ABB9DF8D-0E02-F28B-A2E2-3FC38C3B19B6}.Release|Any CPU.Build.0 = Release|Any CPU
		{811BA2C6-9D97-4042-B0B0-CD316B09FAE1}.Debug|Any CPU.ActiveCfg = Debug|Any CPU
		{811BA2C6-9D97-4042-B0B0-CD316B09FAE1}.Debug|Any CPU.Build.0 = Debug|Any CPU
		{811BA2C6-9D97-4042-B0B0-CD316B09FAE1}.Release|Any CPU.ActiveCfg = Release|Any CPU
		{811BA2C6-9D97-4042-B0B0-CD316B09FAE1}.Release|Any CPU.Build.0 = Release|Any CPU
		{167F0D96-45AC-3086-6FD3-5F4DDC5569E7}.Debug|Any CPU.ActiveCfg = Debug|Any CPU
		{167F0D96-45AC-3086-6FD3-5F4DDC5569E7}.Debug|Any CPU.Build.0 = Debug|Any CPU
		{167F0D96-45AC-3086-6FD3-5F4DDC5569E7}.Release|Any CPU.ActiveCfg = Release|Any CPU
		{167F0D96-45AC-3086-6FD3-5F4DDC5569E7}.Release|Any CPU.Build.0 = Release|Any CPU
		{93C895E5-58CE-0050-A98E-5636C813408A}.Debug|Any CPU.ActiveCfg = Debug|Any CPU
		{93C895E5-58CE-0050-A98E-5636C813408A}.Debug|Any CPU.Build.0 = Debug|Any CPU
		{93C895E5-58CE-0050-A98E-5636C813408A}.Release|Any CPU.ActiveCfg = Release|Any CPU
		{93C895E5-58CE-0050-A98E-5636C813408A}.Release|Any CPU.Build.0 = Release|Any CPU
		{82D05F6A-F707-AA2E-5DD7-8BE127E5CA83}.Debug|Any CPU.ActiveCfg = Debug|Any CPU
		{82D05F6A-F707-AA2E-5DD7-8BE127E5CA83}.Debug|Any CPU.Build.0 = Debug|Any CPU
		{82D05F6A-F707-AA2E-5DD7-8BE127E5CA83}.Release|Any CPU.ActiveCfg = Release|Any CPU
		{82D05F6A-F707-AA2E-5DD7-8BE127E5CA83}.Release|Any CPU.Build.0 = Release|Any CPU
		{57D822A6-4DA9-8C2F-8D27-AD1A46E76ACA}.Debug|Any CPU.ActiveCfg = Debug|Any CPU
		{57D822A6-4DA9-8C2F-8D27-AD1A46E76ACA}.Debug|Any CPU.Build.0 = Debug|Any CPU
		{57D822A6-4DA9-8C2F-8D27-AD1A46E76ACA}.Release|Any CPU.ActiveCfg = Release|Any CPU
		{57D822A6-4DA9-8C2F-8D27-AD1A46E76ACA}.Release|Any CPU.Build.0 = Release|Any CPU
		{8084A469-0A91-2E6B-E7E7-BDDF88E9987E}.Debug|Any CPU.ActiveCfg = Debug|Any CPU
		{8084A469-0A91-2E6B-E7E7-BDDF88E9987E}.Debug|Any CPU.Build.0 = Debug|Any CPU
		{8084A469-0A91-2E6B-E7E7-BDDF88E9987E}.Release|Any CPU.ActiveCfg = Release|Any CPU
		{8084A469-0A91-2E6B-E7E7-BDDF88E9987E}.Release|Any CPU.Build.0 = Release|Any CPU
		{FB2186C8-5D03-2308-A5DE-00C24D7E11B6}.Debug|Any CPU.ActiveCfg = Debug|Any CPU
		{FB2186C8-5D03-2308-A5DE-00C24D7E11B6}.Debug|Any CPU.Build.0 = Debug|Any CPU
		{FB2186C8-5D03-2308-A5DE-00C24D7E11B6}.Release|Any CPU.ActiveCfg = Release|Any CPU
		{FB2186C8-5D03-2308-A5DE-00C24D7E11B6}.Release|Any CPU.Build.0 = Release|Any CPU
	EndGlobalSection
	GlobalSection(SolutionProperties) = preSolution
		HideSolutionNode = FALSE
	EndGlobalSection
	GlobalSection(ExtensibilityGlobals) = postSolution
		SolutionGuid = {60689699-17F5-4209-A361-60985DE672A7}
	EndGlobalSection
EndGlobal
